
Microsoft Visual Studio Solution File, Format Version 12.00
# Visual Studio Version 16
VisualStudioVersion = 16.0.32630.194
MinimumVisualStudioVersion = 10.0.40219.1
Project("{9A19103F-16F7-4668-BE54-9A1E7A4F7556}") = "Labirinto", "Codigo de Movimento\Labirinto.csproj", "{F25DE40C-123F-44E7-A65E-E0BC6D1444C7}"
EndProject
Global
	GlobalSection(SolutionConfigurationPlatforms) = preSolution
		Debug|Any CPU = Debug|Any CPU
		Release|Any CPU = Release|Any CPU
	EndGlobalSection
	GlobalSection(ProjectConfigurationPlatforms) = postSolution
		{F25DE40C-123F-44E7-A65E-E0BC6D1444C7}.Debug|Any CPU.ActiveCfg = Debug|Any CPU
		{F25DE40C-123F-44E7-A65E-E0BC6D1444C7}.Debug|Any CPU.Build.0 = Debug|Any CPU
		{F25DE40C-123F-44E7-A65E-E0BC6D1444C7}.Release|Any CPU.ActiveCfg = Release|Any CPU
		{F25DE40C-123F-44E7-A65E-E0BC6D1444C7}.Release|Any CPU.Build.0 = Release|Any CPU
	EndGlobalSection
	GlobalSection(SolutionProperties) = preSolution
		HideSolutionNode = FALSE
	EndGlobalSection
	GlobalSection(ExtensibilityGlobals) = postSolution
		SolutionGuid = {173883EB-5A07-471B-8FE2-FBB5B2D160F3}
	EndGlobalSection
EndGlobal
